
Microsoft Visual Studio Solution File, Format Version 12.00
# Visual Studio Version 17
VisualStudioVersion = 17.0.32014.148
MinimumVisualStudioVersion = 10.0.40219.1
Project("{9A19103F-16F7-4668-BE54-9A1E7A4F7556}") = "Advertisement", "Advertisement\Advertisement.csproj", "{587C345F-0727-4191-9395-49365A45D66C}"
EndProject
Project("{9A19103F-16F7-4668-BE54-9A1E7A4F7556}") = "AdvertisementApi", "..\AdvertisementApi\AdvertisementApi\AdvertisementApi.csproj", "{AB73EC2E-FB69-4B08-A593-5D425528F2E6}"
EndProject
Global
	GlobalSection(SolutionConfigurationPlatforms) = preSolution
		Debug|Any CPU = Debug|Any CPU
		Release|Any CPU = Release|Any CPU
	EndGlobalSection
	GlobalSection(ProjectConfigurationPlatforms) = postSolution
		{587C345F-0727-4191-9395-49365A45D66C}.Debug|Any CPU.ActiveCfg = Debug|Any CPU
		{587C345F-0727-4191-9395-49365A45D66C}.Debug|Any CPU.Build.0 = Debug|Any CPU
		{587C345F-0727-4191-9395-49365A45D66C}.Release|Any CPU.ActiveCfg = Release|Any CPU
		{587C345F-0727-4191-9395-49365A45D66C}.Release|Any CPU.Build.0 = Release|Any CPU
		{AB73EC2E-FB69-4B08-A593-5D425528F2E6}.Debug|Any CPU.ActiveCfg = Debug|Any CPU
		{AB73EC2E-FB69-4B08-A593-5D425528F2E6}.Debug|Any CPU.Build.0 = Debug|Any CPU
		{AB73EC2E-FB69-4B08-A593-5D425528F2E6}.Release|Any CPU.ActiveCfg = Release|Any CPU
		{AB73EC2E-FB69-4B08-A593-5D425528F2E6}.Release|Any CPU.Build.0 = Release|Any CPU
	EndGlobalSection
	GlobalSection(SolutionProperties) = preSolution
		HideSolutionNode = FALSE
	EndGlobalSection
	GlobalSection(ExtensibilityGlobals) = postSolution
		SolutionGuid = {992D5579-B7B1-4E55-885A-60554393609F}
	EndGlobalSection
EndGlobal
